
Microsoft Visual Studio Solution File, Format Version 12.00
# Visual Studio Version 17
VisualStudioVersion = 17.6.33723.286
MinimumVisualStudioVersion = 10.0.40219.1
Project("{FAE04EC0-301F-11D3-BF4B-00C04F79EFBC}") = "Instalador Yakuza Kieami 2", "Instalador Yakuza Kieami 2\Instalador Yakuza Kieami 2.csproj", "{392867B6-2F77-40F3-9CF3-619D2AE0AEC5}"
EndProject
Global
	GlobalSection(SolutionConfigurationPlatforms) = preSolution
		Debug|Any CPU = Debug|Any CPU
		Release|Any CPU = Release|Any CPU
	EndGlobalSection
	GlobalSection(ProjectConfigurationPlatforms) = postSolution
		{392867B6-2F77-40F3-9CF3-619D2AE0AEC5}.Debug|Any CPU.ActiveCfg = Debug|Any CPU
		{392867B6-2F77-40F3-9CF3-619D2AE0AEC5}.Debug|Any CPU.Build.0 = Debug|Any CPU
		{392867B6-2F77-40F3-9CF3-619D2AE0AEC5}.Release|Any CPU.ActiveCfg = Release|Any CPU
		{392867B6-2F77-40F3-9CF3-619D2AE0AEC5}.Release|Any CPU.Build.0 = Release|Any CPU
	EndGlobalSection
	GlobalSection(SolutionProperties) = preSolution
		HideSolutionNode = FALSE
	EndGlobalSection
	GlobalSection(ExtensibilityGlobals) = postSolution
		SolutionGuid = {6C13E734-817E-4806-BFEA-B37082C70121}
	EndGlobalSection
EndGlobal
