
Microsoft Visual Studio Solution File, Format Version 12.00
# Visual Studio Version 17
VisualStudioVersion = 17.6.33815.320
MinimumVisualStudioVersion = 10.0.40219.1
Project("{FAE04EC0-301F-11D3-BF4B-00C04F79EFBC}") = "Launcher Yakuza", "Launcher Yakuza\Launcher Yakuza.csproj", "{61A89947-5827-45DC-86ED-2BDA0C1A0F09}"
EndProject
Global
	GlobalSection(SolutionConfigurationPlatforms) = preSolution
		Debug|Any CPU = Debug|Any CPU
		Release|Any CPU = Release|Any CPU
	EndGlobalSection
	GlobalSection(ProjectConfigurationPlatforms) = postSolution
		{61A89947-5827-45DC-86ED-2BDA0C1A0F09}.Debug|Any CPU.ActiveCfg = Debug|Any CPU
		{61A89947-5827-45DC-86ED-2BDA0C1A0F09}.Debug|Any CPU.Build.0 = Debug|Any CPU
		{61A89947-5827-45DC-86ED-2BDA0C1A0F09}.Release|Any CPU.ActiveCfg = Release|Any CPU
		{61A89947-5827-45DC-86ED-2BDA0C1A0F09}.Release|Any CPU.Build.0 = Release|Any CPU
	EndGlobalSection
	GlobalSection(SolutionProperties) = preSolution
		HideSolutionNode = FALSE
	EndGlobalSection
	GlobalSection(ExtensibilityGlobals) = postSolution
		SolutionGuid = {08C15AAB-A4DA-4F78-8897-8B905CD8E87E}
	EndGlobalSection
EndGlobal
